<?xml version="1.0" encoding="utf-8"?>
<Project ToolsVersion="4.0" xmlns="http://schemas.microsoft.com/developer/msbuild/2003">
  <ItemGroup>
    <Filter Include="源文件">
      <UniqueIdentifier>{4FC737F1-C7A5-4376-A066-2A32D752A2FF}</UniqueIdentifier>
      <Extensions>cpp;c;cc;cxx;c++;cppm;ixx;def;odl;idl;hpj;bat;asm;asmx</Extensions>
    </Filter>
    <Filter Include="头文件">
      <UniqueIdentifier>{93995380-89BD-4b04-88EB-625FBE52EBFB}</UniqueIdentifier>
      <Extensions>h;hh;hpp;hxx;h++;hm;inl;inc;ipp;xsd</Extensions>
    </Filter>
    <Filter Include="资源文件">
      <UniqueIdentifier>{67DA6AB6-F800-4c08-8B7A-83BB121AAD01}</UniqueIdentifier>
      <Extensions>rc;ico;cur;bmp;dlg;rc2;rct;bin;rgs;gif;jpg;jpeg;jpe;resx;tiff;tif;png;wav;mfcribbon-ms</Extensions>
    </Filter>
    <Filter Include="源文件\window">
      <UniqueIdentifier>{efb7c55d-91e0-46af-9de4-1e938379e3da}</UniqueIdentifier>
    </Filter>
    <Filter Include="源文件\triangle">
      <UniqueIdentifier>{03a1c4f2-6ad9-45b0-802b-9314fb3f9839}</UniqueIdentifier>
    </Filter>
    <Filter Include="源文件\texture">
      <UniqueIdentifier>{590e6a88-2e90-4643-9807-88d13219c970}</UniqueIdentifier>
    </Filter>
    <Filter Include="源文件\shader">
      <UniqueIdentifier>{a39848b5-c68e-4a58-b16a-6e3d572c71c7}</UniqueIdentifier>
    </Filter>
    <Filter Include="源文件\transform">
      <UniqueIdentifier>{3ba799b7-1467-41f2-9c52-1bbd9f81a011}</UniqueIdentifier>
    </Filter>
    <Filter Include="源文件\coordinate">
      <UniqueIdentifier>{f28a902d-f2d3-4df8-bdda-05d8de574204}</UniqueIdentifier>
    </Filter>
  </ItemGroup>
  <ItemGroup>
    <ClCompile Include="..\Thirdparty\glad\src\glad.c">
      <Filter>源文件</Filter>
    </ClCompile>
    <ClCompile Include="window.cpp">
      <Filter>源文件\window</Filter>
    </ClCompile>
    <ClCompile Include="triangle.cpp">
      <Filter>源文件\triangle</Filter>
    </ClCompile>
    <ClCompile Include="rectangle.cpp">
      <Filter>源文件\triangle</Filter>
    </ClCompile>
    <ClCompile Include="uniform.cpp">
      <Filter>源文件\shader</Filter>
    </ClCompile>
    <ClCompile Include="interpolation.cpp">
      <Filter>源文件\shader</Filter>
    </ClCompile>
    <ClCompile Include="new_shader.cpp">
      <Filter>源文件\shader</Filter>
    </ClCompile>
    <ClCompile Include="container.cpp">
      <Filter>源文件\texture</Filter>
    </ClCompile>
    <ClCompile Include="awesomeface.cpp">
      <Filter>源文件\texture</Filter>
    </ClCompile>
    <ClCompile Include="transform.cpp">
      <Filter>源文件\transform</Filter>
    </ClCompile>
    <ClCompile Include="stb_image.cpp">
      <Filter>源文件</Filter>
    </ClCompile>
    <ClCompile Include="slope.cpp">
      <Filter>源文件\coordinate</Filter>
    </ClCompile>
    <ClCompile Include="depth_test.cpp">
      <Filter>源文件\coordinate</Filter>
    </ClCompile>
    <ClCompile Include="ten_cubes.cpp">
      <Filter>源文件\coordinate</Filter>
    </ClCompile>
  </ItemGroup>
  <ItemGroup>
    <ClInclude Include="Shader.h">
      <Filter>源文件\shader</Filter>
    </ClInclude>
    <ClInclude Include="stb_image.h">
      <Filter>源文件</Filter>
    </ClInclude>
  </ItemGroup>
  <ItemGroup>
    <None Include="3.3.shader.vs">
      <Filter>源文件\shader</Filter>
    </None>
    <None Include="3.3.shader.fs">
      <Filter>源文件\shader</Filter>
    </None>
    <None Include="4.1.texture.vs">
      <Filter>源文件\texture</Filter>
    </None>
    <None Include="4.1.texture.fs">
      <Filter>源文件\texture</Filter>
    </None>
    <None Include="4.2.texture.vs">
      <Filter>源文件\texture</Filter>
    </None>
    <None Include="4.2.texture.fs">
      <Filter>源文件\texture</Filter>
    </None>
    <None Include="5.1.transform.vs">
      <Filter>源文件\transform</Filter>
    </None>
    <None Include="5.1.transform.fs">
      <Filter>源文件\transform</Filter>
    </None>
    <None Include="6.1.coordinate_systems.vs">
      <Filter>源文件\coordinate</Filter>
    </None>
    <None Include="6.1.coordinate_systems.fs">
      <Filter>源文件\coordinate</Filter>
    </None>
    <None Include="6.2.coordinate_systems.vs">
      <Filter>源文件\coordinate</Filter>
    </None>
    <None Include="6.2.coordinate_systems.fs">
      <Filter>源文件\coordinate</Filter>
    </None>
    <None Include="6.3.coordinate_systems.vs">
      <Filter>源文件\coordinate</Filter>
    </None>
    <None Include="6.3.coordinate_systems.fs">
      <Filter>源文件\coordinate</Filter>
    </None>
  </ItemGroup>
</Project>